%{
  "ash": {:hex, :ash, "3.3.3", "1e4047c867e064fe5edabd86c7366dbf3e094a91a2f5269ee0169eb310931e7c", [:mix], [{:comparable, "~> 1.0", [hex: :comparable, repo: "hexpm", optional: false]}, {:decimal, "~> 2.0", [hex: :decimal, repo: "hexpm", optional: false]}, {:ecto, "~> 3.7", [hex: :ecto, repo: "hexpm", optional: false]}, {:ets, "~> 0.8", [hex: :ets, repo: "hexpm", optional: false]}, {:igniter, ">= 0.3.11 and < 1.0.0-0", [hex: :igniter, repo: "hexpm", optional: false]}, {:jason, ">= 1.0.0", [hex: :jason, repo: "hexpm", optional: false]}, {:picosat_elixir, "~> 0.2", [hex: :picosat_elixir, repo: "hexpm", optional: true]}, {:plug, ">= 0.0.0", [hex: :plug, repo: "hexpm", optional: true]}, {:reactor, "~> 0.9", [hex: :reactor, repo: "hexpm", optional: false]}, {:simple_sat, ">= 0.1.1 and < 1.0.0-0", [hex: :simple_sat, repo: "hexpm", optional: true]}, {:spark, ">= 2.2.8 and < 3.0.0-0", [hex: :spark, repo: "hexpm", optional: false]}, {:splode, "~> 0.2", [hex: :splode, repo: "hexpm", optional: false]}, {:stream_data, "~> 1.0", [hex: :stream_data, repo: "hexpm", optional: false]}, {:telemetry, "~> 1.1", [hex: :telemetry, repo: "hexpm", optional: false]}], "hexpm", "0486ec2185deeca68d617eb016d22e598af0e44e7512453f959124f4345ae9df"},
  "ash_archival": {:hex, :ash_archival, "1.0.2", "43154cac0bbf4d34616ab34d9a7c7f7f50a519d31e1d5583893d2db0e9392cfb", [:mix], [{:ash, ">= 3.0.5 and < 4.0.0-0", [hex: :ash, repo: "hexpm", optional: false]}], "hexpm", "72ec5085d3d7f0aa406da9b394192466282f2d054cc54a9a1777352ad9093ee7"},
  "ash_authentication": {:hex, :ash_authentication, "4.0.2", "f7f2375e85797164dc2cebf16076cd6ada246ed3c927a70de5a1eefef692cf7b", [:mix], [{:ash, "~> 3.0", [hex: :ash, repo: "hexpm", optional: false]}, {:ash_postgres, "~> 2.0", [hex: :ash_postgres, repo: "hexpm", optional: true]}, {:assent, ">= 0.2.8 and < 1.0.0-0", [hex: :assent, repo: "hexpm", optional: false]}, {:bcrypt_elixir, "~> 3.0", [hex: :bcrypt_elixir, repo: "hexpm", optional: false]}, {:castore, "~> 1.0", [hex: :castore, repo: "hexpm", optional: false]}, {:finch, "~> 0.18.0", [hex: :finch, repo: "hexpm", optional: false]}, {:jason, "~> 1.4", [hex: :jason, repo: "hexpm", optional: false]}, {:joken, "~> 2.5", [hex: :joken, repo: "hexpm", optional: false]}, {:plug, "~> 1.13", [hex: :plug, repo: "hexpm", optional: false]}, {:spark, "~> 2.0", [hex: :spark, repo: "hexpm", optional: false]}, {:splode, "~> 0.2", [hex: :splode, repo: "hexpm", optional: false]}], "hexpm", "b01a0c027681a346f64c3d59261a3a8fcbf6007a6c8e7cd562e122b3bf852f31"},
  "ash_authentication_phoenix": {:hex, :ash_authentication_phoenix, "2.0.2", "e855b6a3d37a22946107c9183c4d30511959c5aec81ef296b1eb19937a5fcc67", [:mix], [{:ash, "~> 3.0", [hex: :ash, repo: "hexpm", optional: false]}, {:ash_authentication, "~> 4.0", [hex: :ash_authentication, repo: "hexpm", optional: false]}, {:ash_phoenix, "~> 2.0", [hex: :ash_phoenix, repo: "hexpm", optional: false]}, {:bcrypt_elixir, "~> 3.0", [hex: :bcrypt_elixir, repo: "hexpm", optional: false]}, {:jason, "~> 1.0", [hex: :jason, repo: "hexpm", optional: false]}, {:phoenix, "~> 1.6", [hex: :phoenix, repo: "hexpm", optional: false]}, {:phoenix_html, "~> 4.0", [hex: :phoenix_html, repo: "hexpm", optional: false]}, {:phoenix_html_helpers, "~> 1.0", [hex: :phoenix_html_helpers, repo: "hexpm", optional: false]}, {:phoenix_live_view, "~> 0.18", [hex: :phoenix_live_view, repo: "hexpm", optional: false]}, {:phoenix_view, "~> 2.0", [hex: :phoenix_view, repo: "hexpm", optional: false]}, {:slugify, "~> 1.3", [hex: :slugify, repo: "hexpm", optional: false]}], "hexpm", "2b6ed5da51b17dae51bc0a5a7e8c62b058f096b08b2a12895c6821f9014a79e9"},
  "ash_paper_trail": {:hex, :ash_paper_trail, "0.1.4", "0c09b4591244046a5271788b250544e957ba5605d1a1a28596b37c6b0a963e67", [:mix], [{:ash, "~> 3.0", [hex: :ash, repo: "hexpm", optional: false]}], "hexpm", "8216a13167929633ab583b7f385663ea6c635db638a997d80e54393de37cb7f3"},
  "ash_phoenix": {:hex, :ash_phoenix, "2.1.1", "36521a99b602b0531dfc9ebd9ee90d10bbead9a3ffd1c6dffbacb0751553a2c0", [:mix], [{:ash, "~> 3.0", [hex: :ash, repo: "hexpm", optional: false]}, {:phoenix, "~> 1.5.6 or ~> 1.6", [hex: :phoenix, repo: "hexpm", optional: false]}, {:phoenix_html, "~> 4.0", [hex: :phoenix_html, repo: "hexpm", optional: false]}, {:phoenix_live_view, "~> 0.20.3 or ~> 1.0", [hex: :phoenix_live_view, repo: "hexpm", optional: false]}], "hexpm", "02d1b270aa0f78c5db6f1db9f3112d349a10b729b116911df47e39f11e2ae62d"},
  "ash_postgres": {:hex, :ash_postgres, "2.1.17", "ab49498861389717bab70eb85161600cbcd8fed34b626186462b89e59dfe4af0", [:mix], [{:ash, "~> 3.3", [hex: :ash, repo: "hexpm", optional: false]}, {:ash_sql, ">= 0.2.28 and < 1.0.0-0", [hex: :ash_sql, repo: "hexpm", optional: false]}, {:ecto, ">= 3.11.2 and < 4.0.0-0", [hex: :ecto, repo: "hexpm", optional: false]}, {:ecto_sql, ">= 3.11.3 and < 4.0.0-0", [hex: :ecto_sql, repo: "hexpm", optional: false]}, {:igniter, ">= 0.3.6 and < 1.0.0-0", [hex: :igniter, repo: "hexpm", optional: false]}, {:jason, "~> 1.0", [hex: :jason, repo: "hexpm", optional: false]}, {:postgrex, ">= 0.0.0", [hex: :postgrex, repo: "hexpm", optional: false]}], "hexpm", "494bb1c4cbc9a55f7bf888543b136840cea65136feac2fe2246eba971e2a28ca"},
  "ash_slug": {:hex, :ash_slug, "0.1.0", "bca895f0330dd9c8adaba6bc5b0dad25814a6df0e437b995236915b6eb6e54ac", [:mix], [{:ash, "~> 3.0", [hex: :ash, repo: "hexpm", optional: false]}, {:slugify, "~> 1.3", [hex: :slugify, repo: "hexpm", optional: false]}], "hexpm", "4aa786750563399f82ab0726e0d1e5fb11c4583e8032bb614775fb7867764f3d"},
  "ash_sql": {:hex, :ash_sql, "0.2.29", "d99a40818667d1843e61edae6b3eeeaedda62f34e6477e4dd29017f81fddbf07", [:mix], [{:ash, ">= 3.1.7 and < 4.0.0-0", [hex: :ash, repo: "hexpm", optional: false]}, {:ecto, "~> 3.9", [hex: :ecto, repo: "hexpm", optional: false]}, {:ecto_sql, "~> 3.9", [hex: :ecto_sql, repo: "hexpm", optional: false]}], "hexpm", "1d3cc1c3a26cf87bb913fdf7bcbe9d901d35f260aac36225b8054541836e5752"},
  "ash_state_machine": {:hex, :ash_state_machine, "0.2.5", "a320c507c0bd24e73937a58c0cfafa55bb2ef84b3279c4ce69cff927f4aa79c1", [:mix], [{:ash, ">= 3.1.4 and < 4.0.0-0", [hex: :ash, repo: "hexpm", optional: false]}], "hexpm", "14678333621815143ebbd9a54588d3fbcc153ca2ccd0ec27289d160d9d948af9"},
  "assent": {:hex, :assent, "0.2.10", "27e544c3428996c8ad744d473b3ceae86e4eb7db6bc7432676420e67e9148dd7", [:mix], [{:certifi, ">= 0.0.0", [hex: :certifi, repo: "hexpm", optional: true]}, {:finch, "~> 0.15", [hex: :finch, repo: "hexpm", optional: true]}, {:jason, "~> 1.0", [hex: :jason, repo: "hexpm", optional: true]}, {:jose, "~> 1.8", [hex: :jose, repo: "hexpm", optional: true]}, {:mint, "~> 1.0", [hex: :mint, repo: "hexpm", optional: true]}, {:req, "~> 0.4", [hex: :req, repo: "hexpm", optional: true]}, {:ssl_verify_fun, ">= 0.0.0", [hex: :ssl_verify_fun, repo: "hexpm", optional: true]}], "hexpm", "8483bf9621e994795a70a4ad8fda725abfb6a9675d63a9bfd4217c76d4a2d82a"},
  "bandit": {:hex, :bandit, "1.5.7", "6856b1e1df4f2b0cb3df1377eab7891bec2da6a7fd69dc78594ad3e152363a50", [:mix], [{:hpax, "~> 1.0.0", [hex: :hpax, repo: "hexpm", optional: false]}, {:plug, "~> 1.14", [hex: :plug, repo: "hexpm", optional: false]}, {:telemetry, "~> 0.4 or ~> 1.0", [hex: :telemetry, repo: "hexpm", optional: false]}, {:thousand_island, "~> 1.0", [hex: :thousand_island, repo: "hexpm", optional: false]}, {:websock, "~> 0.5", [hex: :websock, repo: "hexpm", optional: false]}], "hexpm", "f2dd92ae87d2cbea2fa9aa1652db157b6cba6c405cb44d4f6dd87abba41371cd"},
  "bcrypt_elixir": {:hex, :bcrypt_elixir, "3.1.0", "0b110a9a6c619b19a7f73fa3004aa11d6e719a67e672d1633dc36b6b2290a0f7", [:make, :mix], [{:comeonin, "~> 5.3", [hex: :comeonin, repo: "hexpm", optional: false]}, {:elixir_make, "~> 0.6", [hex: :elixir_make, repo: "hexpm", optional: false]}], "hexpm", "2ad2acb5a8bc049e8d5aa267802631912bb80d5f4110a178ae7999e69dca1bf7"},
  "bunt": {:hex, :bunt, "1.0.0", "081c2c665f086849e6d57900292b3a161727ab40431219529f13c4ddcf3e7a44", [:mix], [], "hexpm", "dc5f86aa08a5f6fa6b8096f0735c4e76d54ae5c9fa2c143e5a1fc7c1cd9bb6b5"},
  "cachex": {:hex, :cachex, "3.6.0", "14a1bfbeee060dd9bec25a5b6f4e4691e3670ebda28c8ba2884b12fe30b36bf8", [:mix], [{:eternal, "~> 1.2", [hex: :eternal, repo: "hexpm", optional: false]}, {:jumper, "~> 1.0", [hex: :jumper, repo: "hexpm", optional: false]}, {:sleeplocks, "~> 1.1", [hex: :sleeplocks, repo: "hexpm", optional: false]}, {:unsafe, "~> 1.0", [hex: :unsafe, repo: "hexpm", optional: false]}], "hexpm", "ebf24e373883bc8e0c8d894a63bbe102ae13d918f790121f5cfe6e485cc8e2e2"},
  "castore": {:hex, :castore, "1.0.8", "dedcf20ea746694647f883590b82d9e96014057aff1d44d03ec90f36a5c0dc6e", [:mix], [], "hexpm", "0b2b66d2ee742cb1d9cb8c8be3b43c3a70ee8651f37b75a8b982e036752983f1"},
  "cc_precompiler": {:hex, :cc_precompiler, "0.1.10", "47c9c08d8869cf09b41da36538f62bc1abd3e19e41701c2cea2675b53c704258", [:mix], [{:elixir_make, "~> 0.7", [hex: :elixir_make, repo: "hexpm", optional: false]}], "hexpm", "f6e046254e53cd6b41c6bacd70ae728011aa82b2742a80d6e2214855c6e06b22"},
  "certifi": {:hex, :certifi, "2.12.0", "2d1cca2ec95f59643862af91f001478c9863c2ac9cb6e2f89780bfd8de987329", [:rebar3], [], "hexpm", "ee68d85df22e554040cdb4be100f33873ac6051387baf6a8f6ce82272340ff1c"},
  "combine": {:hex, :combine, "0.10.0", "eff8224eeb56498a2af13011d142c5e7997a80c8f5b97c499f84c841032e429f", [:mix], [], "hexpm", "1b1dbc1790073076580d0d1d64e42eae2366583e7aecd455d1215b0d16f2451b"},
  "comeonin": {:hex, :comeonin, "5.4.0", "246a56ca3f41d404380fc6465650ddaa532c7f98be4bda1b4656b3a37cc13abe", [:mix], [], "hexpm", "796393a9e50d01999d56b7b8420ab0481a7538d0caf80919da493b4a6e51faf1"},
  "comparable": {:hex, :comparable, "1.0.0", "bb669e91cedd14ae9937053e5bcbc3c52bb2f22422611f43b6e38367d94a495f", [:mix], [{:typable, "~> 0.1", [hex: :typable, repo: "hexpm", optional: false]}], "hexpm", "277c11eeb1cd726e7cd41c6c199e7e52fa16ee6830b45ad4cdc62e51f62eb60c"},
  "credo": {:hex, :credo, "1.7.7", "771445037228f763f9b2afd612b6aa2fd8e28432a95dbbc60d8e03ce71ba4446", [:mix], [{:bunt, "~> 0.2.1 or ~> 1.0", [hex: :bunt, repo: "hexpm", optional: false]}, {:file_system, "~> 0.2 or ~> 1.0", [hex: :file_system, repo: "hexpm", optional: false]}, {:jason, "~> 1.0", [hex: :jason, repo: "hexpm", optional: false]}], "hexpm", "8bc87496c9aaacdc3f90f01b7b0582467b69b4bd2441fe8aae3109d843cc2f2e"},
  "db_connection": {:hex, :db_connection, "2.7.0", "b99faa9291bb09892c7da373bb82cba59aefa9b36300f6145c5f201c7adf48ec", [:mix], [{:telemetry, "~> 0.4 or ~> 1.0", [hex: :telemetry, repo: "hexpm", optional: false]}], "hexpm", "dcf08f31b2701f857dfc787fbad78223d61a32204f217f15e881dd93e4bdd3ff"},
  "decimal": {:hex, :decimal, "2.1.1", "5611dca5d4b2c3dd497dec8f68751f1f1a54755e8ed2a966c2633cf885973ad6", [:mix], [], "hexpm", "53cfe5f497ed0e7771ae1a475575603d77425099ba5faef9394932b35020ffcc"},
  "dns_cluster": {:hex, :dns_cluster, "0.1.3", "0bc20a2c88ed6cc494f2964075c359f8c2d00e1bf25518a6a6c7fd277c9b0c66", [:mix], [], "hexpm", "46cb7c4a1b3e52c7ad4cbe33ca5079fbde4840dedeafca2baf77996c2da1bc33"},
  "dotenvy": {:hex, :dotenvy, "0.8.0", "777486ad485668317c56afc53a7cbcd74f43e4e34588ba8e95a73e15a360050e", [:mix], [], "hexpm", "1f535066282388cbd109743d337ac46ff0708195780d4b5778bb83491ab1b654"},
  "earmark": {:hex, :earmark, "1.4.47", "7e7596b84fe4ebeb8751e14cbaeaf4d7a0237708f2ce43630cfd9065551f94ca", [:mix], [], "hexpm", "3e96bebea2c2d95f3b346a7ff22285bc68a99fbabdad9b655aa9c6be06c698f8"},
  "ecto": {:hex, :ecto, "3.11.2", "e1d26be989db350a633667c5cda9c3d115ae779b66da567c68c80cfb26a8c9ee", [:mix], [{:decimal, "~> 2.0", [hex: :decimal, repo: "hexpm", optional: false]}, {:jason, "~> 1.0", [hex: :jason, repo: "hexpm", optional: true]}, {:telemetry, "~> 0.4 or ~> 1.0", [hex: :telemetry, repo: "hexpm", optional: false]}], "hexpm", "3c38bca2c6f8d8023f2145326cc8a80100c3ffe4dcbd9842ff867f7fc6156c65"},
  "ecto_psql_extras": {:hex, :ecto_psql_extras, "0.8.1", "cdfee5cb21d51af37d14233e4aa3ef38189bf42c499d6a8160a943c990cc74e2", [:mix], [{:ecto_sql, "~> 3.7", [hex: :ecto_sql, repo: "hexpm", optional: false]}, {:postgrex, "> 0.16.0 and < 0.20.0", [hex: :postgrex, repo: "hexpm", optional: false]}, {:table_rex, "~> 3.1.1 or ~> 4.0.0", [hex: :table_rex, repo: "hexpm", optional: false]}], "hexpm", "c0a1df8181c87a0419afa881452329a9dfd2c1fb2a737bf147f862dfa44a1af0"},
  "ecto_sql": {:hex, :ecto_sql, "3.11.3", "4eb7348ff8101fbc4e6bbc5a4404a24fecbe73a3372d16569526b0cf34ebc195", [:mix], [{:db_connection, "~> 2.4.1 or ~> 2.5", [hex: :db_connection, repo: "hexpm", optional: false]}, {:ecto, "~> 3.11.0", [hex: :ecto, repo: "hexpm", optional: false]}, {:myxql, "~> 0.6", [hex: :myxql, repo: "hexpm", optional: true]}, {:postgrex, "~> 0.16 or ~> 1.0", [hex: :postgrex, repo: "hexpm", optional: true]}, {:tds, "~> 2.1.1 or ~> 2.2", [hex: :tds, repo: "hexpm", optional: true]}, {:telemetry, "~> 0.4.0 or ~> 1.0", [hex: :telemetry, repo: "hexpm", optional: false]}], "hexpm", "e5f36e3d736b99c7fee3e631333b8394ade4bafe9d96d35669fca2d81c2be928"},
  "elixir_make": {:hex, :elixir_make, "0.8.4", "4960a03ce79081dee8fe119d80ad372c4e7badb84c493cc75983f9d3bc8bde0f", [:mix], [{:castore, "~> 0.1 or ~> 1.0", [hex: :castore, repo: "hexpm", optional: true]}, {:certifi, "~> 2.0", [hex: :certifi, repo: "hexpm", optional: true]}], "hexpm", "6e7f1d619b5f61dfabd0a20aa268e575572b542ac31723293a4c1a567d5ef040"},
  "eqrcode": {:hex, :eqrcode, "0.1.10", "6294fece9d68ad64eef1c3c92cf111cfd6469f4fbf230a2d4cc905a682178f3f", [:mix], [], "hexpm", "da30e373c36a0fd37ab6f58664b16029919896d6c45a68a95cc4d713e81076f1"},
  "esbuild": {:hex, :esbuild, "0.8.1", "0cbf919f0eccb136d2eeef0df49c4acf55336de864e63594adcea3814f3edf41", [:mix], [{:castore, ">= 0.0.0", [hex: :castore, repo: "hexpm", optional: false]}, {:jason, "~> 1.4", [hex: :jason, repo: "hexpm", optional: false]}], "hexpm", "25fc876a67c13cb0a776e7b5d7974851556baeda2085296c14ab48555ea7560f"},
  "eternal": {:hex, :eternal, "1.2.2", "d1641c86368de99375b98d183042dd6c2b234262b8d08dfd72b9eeaafc2a1abd", [:mix], [], "hexpm", "2c9fe32b9c3726703ba5e1d43a1d255a4f3f2d8f8f9bc19f094c7cb1a7a9e782"},
  "ets": {:hex, :ets, "0.9.0", "79c6a6c205436780486f72d84230c6cba2f8a9920456750ddd1e47389107d5fd", [:mix], [], "hexpm", "2861fdfb04bcaeff370f1a5904eec864f0a56dcfebe5921ea9aadf2a481c822b"},
  "ex_aws": {:hex, :ex_aws, "2.5.4", "86c5bb870a49e0ab6f5aa5dd58cf505f09d2624ebe17530db3c1b61c88a673af", [:mix], [{:configparser_ex, "~> 4.0", [hex: :configparser_ex, repo: "hexpm", optional: true]}, {:hackney, "~> 1.16", [hex: :hackney, repo: "hexpm", optional: true]}, {:jason, "~> 1.1", [hex: :jason, repo: "hexpm", optional: true]}, {:jsx, "~> 2.8 or ~> 3.0", [hex: :jsx, repo: "hexpm", optional: true]}, {:mime, "~> 1.2 or ~> 2.0", [hex: :mime, repo: "hexpm", optional: false]}, {:sweet_xml, "~> 0.7", [hex: :sweet_xml, repo: "hexpm", optional: true]}, {:telemetry, "~> 0.4.3 or ~> 1.0", [hex: :telemetry, repo: "hexpm", optional: false]}], "hexpm", "e82bd0091bb9a5bb190139599f922ff3fc7aebcca4374d65c99c4e23aa6d1625"},
  "ex_aws_s3": {:hex, :ex_aws_s3, "2.5.3", "422468e5c3e1a4da5298e66c3468b465cfd354b842e512cb1f6fbbe4e2f5bdaf", [:mix], [{:ex_aws, "~> 2.0", [hex: :ex_aws, repo: "hexpm", optional: false]}, {:sweet_xml, ">= 0.0.0", [hex: :sweet_xml, repo: "hexpm", optional: true]}], "hexpm", "4f09dd372cc386550e484808c5ac5027766c8d0cd8271ccc578b82ee6ef4f3b8"},
  "ex_base58": {:hex, :ex_base58, "0.6.2", "ac31a45bde09edf5c1aa74f4b8ee46c709bfb2abcacec95ec76a9c32bbb3a6ee", [:mix], [{:rustler, ">= 0.0.0", [hex: :rustler, repo: "hexpm", optional: true]}, {:rustler_precompiled, "~> 0.7", [hex: :rustler_precompiled, repo: "hexpm", optional: false]}], "hexpm", "6c556ce19f77dd512d3cca6b321d28d08f62a9342b259304eba2e9ee60f6c4fb"},
  "expo": {:hex, :expo, "1.0.0", "647639267e088717232f4d4451526e7a9de31a3402af7fcbda09b27e9a10395a", [:mix], [], "hexpm", "18d2093d344d97678e8a331ca0391e85d29816f9664a25653fd7e6166827827c"},
  "file_system": {:hex, :file_system, "1.0.0", "b689cc7dcee665f774de94b5a832e578bd7963c8e637ef940cd44327db7de2cd", [:mix], [], "hexpm", "6752092d66aec5a10e662aefeed8ddb9531d79db0bc145bb8c40325ca1d8536d"},
  "finch": {:hex, :finch, "0.18.0", "944ac7d34d0bd2ac8998f79f7a811b21d87d911e77a786bc5810adb75632ada4", [:mix], [{:castore, "~> 0.1 or ~> 1.0", [hex: :castore, repo: "hexpm", optional: false]}, {:mime, "~> 1.0 or ~> 2.0", [hex: :mime, repo: "hexpm", optional: false]}, {:mint, "~> 1.3", [hex: :mint, repo: "hexpm", optional: false]}, {:nimble_options, "~> 0.4 or ~> 1.0", [hex: :nimble_options, repo: "hexpm", optional: false]}, {:nimble_pool, "~> 0.2.6 or ~> 1.0", [hex: :nimble_pool, repo: "hexpm", optional: false]}, {:telemetry, "~> 0.4 or ~> 1.0", [hex: :telemetry, repo: "hexpm", optional: false]}], "hexpm", "69f5045b042e531e53edc2574f15e25e735b522c37e2ddb766e15b979e03aa65"},
  "floki": {:hex, :floki, "0.36.2", "a7da0193538c93f937714a6704369711998a51a6164a222d710ebd54020aa7a3", [:mix], [], "hexpm", "a8766c0bc92f074e5cb36c4f9961982eda84c5d2b8e979ca67f5c268ec8ed580"},
  "fun_with_flags": {:hex, :fun_with_flags, "1.12.0", "8036ad262ae4321d160e36c4db13c8cadf1890121d74c4f5852ab0de0ac3ad2b", [:mix], [{:ecto_sql, "~> 3.0", [hex: :ecto_sql, repo: "hexpm", optional: true]}, {:phoenix_pubsub, "~> 2.0", [hex: :phoenix_pubsub, repo: "hexpm", optional: true]}, {:redix, "~> 1.0", [hex: :redix, repo: "hexpm", optional: true]}], "hexpm", "9ed303bee60687f7a07dde2c036d3e8905771001ebd77790543ba5655a5f9066"},
  "fun_with_flags_ui": {:hex, :fun_with_flags_ui, "1.0.0", "d764a4d1cc1233bdbb18dfb416a6ef96d0ecf4a5dc5a0201f7aa0b13cf2e7802", [:mix], [{:cowboy, ">= 2.0.0", [hex: :cowboy, repo: "hexpm", optional: true]}, {:fun_with_flags, "~> 1.11", [hex: :fun_with_flags, repo: "hexpm", optional: false]}, {:plug, "~> 1.12", [hex: :plug, repo: "hexpm", optional: false]}, {:plug_cowboy, ">= 2.0.0", [hex: :plug_cowboy, repo: "hexpm", optional: true]}], "hexpm", "b0c145894c00d65d5dc20ee5b1f18457985d1fd0b87866f0b41894d5979e55e0"},
  "gen_smtp": {:hex, :gen_smtp, "1.2.0", "9cfc75c72a8821588b9b9fe947ae5ab2aed95a052b81237e0928633a13276fd3", [:rebar3], [{:ranch, ">= 1.8.0", [hex: :ranch, repo: "hexpm", optional: false]}], "hexpm", "5ee0375680bca8f20c4d85f58c2894441443a743355430ff33a783fe03296779"},
  "gettext": {:hex, :gettext, "0.25.0", "98a95a862a94e2d55d24520dd79256a15c87ea75b49673a2e2f206e6ebc42e5d", [:mix], [{:expo, "~> 0.5.1 or ~> 1.0", [hex: :expo, repo: "hexpm", optional: false]}], "hexpm", "38e5d754e66af37980a94fb93bb20dcde1d2361f664b0a19f01e87296634051f"},
  "glob_ex": {:hex, :glob_ex, "0.1.8", "f7ef872877ca2ae7a792ab1f9ff73d9c16bf46ecb028603a8a3c5283016adc07", [:mix], [], "hexpm", "9e39d01729419a60a937c9260a43981440c43aa4cadd1fa6672fecd58241c464"},
  "hackney": {:hex, :hackney, "1.20.1", "8d97aec62ddddd757d128bfd1df6c5861093419f8f7a4223823537bad5d064e2", [:rebar3], [{:certifi, "~> 2.12.0", [hex: :certifi, repo: "hexpm", optional: false]}, {:idna, "~> 6.1.0", [hex: :idna, repo: "hexpm", optional: false]}, {:metrics, "~> 1.0.0", [hex: :metrics, repo: "hexpm", optional: false]}, {:mimerl, "~> 1.1", [hex: :mimerl, repo: "hexpm", optional: false]}, {:parse_trans, "3.4.1", [hex: :parse_trans, repo: "hexpm", optional: false]}, {:ssl_verify_fun, "~> 1.1.0", [hex: :ssl_verify_fun, repo: "hexpm", optional: false]}, {:unicode_util_compat, "~> 0.7.0", [hex: :unicode_util_compat, repo: "hexpm", optional: false]}], "hexpm", "fe9094e5f1a2a2c0a7d10918fee36bfec0ec2a979994cff8cfe8058cd9af38e3"},
  "heroicons": {:git, "https://github.com/tailwindlabs/heroicons.git", "ad0ad1f6d51bd64dcd67e363d2b2833a8de25154", [tag: "v2.1.5", sparse: "optimized"]},
  "hpax": {:hex, :hpax, "1.0.0", "28dcf54509fe2152a3d040e4e3df5b265dcb6cb532029ecbacf4ce52caea3fd2", [:mix], [], "hexpm", "7f1314731d711e2ca5fdc7fd361296593fc2542570b3105595bb0bc6d0fad601"},
  "idna": {:hex, :idna, "6.1.1", "8a63070e9f7d0c62eb9d9fcb360a7de382448200fbbd1b106cc96d3d8099df8d", [:rebar3], [{:unicode_util_compat, "~> 0.7.0", [hex: :unicode_util_compat, repo: "hexpm", optional: false]}], "hexpm", "92376eb7894412ed19ac475e4a86f7b413c1b9fbb5bd16dccd57934157944cea"},
  "igniter": {:hex, :igniter, "0.3.18", "da7a08eba965a89282c3a8642d7ccc718be65b09aef3d77312dbb27e3f288466", [:mix], [{:glob_ex, "~> 0.1.7", [hex: :glob_ex, repo: "hexpm", optional: false]}, {:inflex, "~> 2.0", [hex: :inflex, repo: "hexpm", optional: false]}, {:jason, "~> 1.4", [hex: :jason, repo: "hexpm", optional: false]}, {:nimble_options, "~> 1.0", [hex: :nimble_options, repo: "hexpm", optional: false]}, {:owl, "~> 0.9", [hex: :owl, repo: "hexpm", optional: false]}, {:rewrite, "~> 0.9", [hex: :rewrite, repo: "hexpm", optional: false]}, {:sourceror, "~> 1.4", [hex: :sourceror, repo: "hexpm", optional: false]}, {:spitfire, ">= 0.1.3 and < 1.0.0-0", [hex: :spitfire, repo: "hexpm", optional: false]}, {:ucwidth, "~> 0.2", [hex: :ucwidth, repo: "hexpm", optional: false]}], "hexpm", "91c7b011cfa6b5036cd84757a3a8a8e009ef59c06956789f598ada3eb8be2fc4"},
  "image": {:hex, :image, "0.53.0", "77ba25c41992a2f230ef991040e110a0558badc22d83cb9a0faf9b68209a3961", [:mix], [{:bumblebee, "~> 0.3", [hex: :bumblebee, repo: "hexpm", optional: true]}, {:evision, "~> 0.1.33 or ~> 0.2", [hex: :evision, repo: "hexpm", optional: true]}, {:exla, "~> 0.5", [hex: :exla, repo: "hexpm", optional: true]}, {:jason, "~> 1.4", [hex: :jason, repo: "hexpm", optional: true]}, {:kino, "~> 0.13", [hex: :kino, repo: "hexpm", optional: true]}, {:nx, "~> 0.7", [hex: :nx, repo: "hexpm", optional: true]}, {:nx_image, "~> 0.1", [hex: :nx_image, repo: "hexpm", optional: true]}, {:phoenix_html, "~> 2.1 or ~> 3.2 or ~> 4.0", [hex: :phoenix_html, repo: "hexpm", optional: false]}, {:plug, "~> 1.13", [hex: :plug, repo: "hexpm", optional: true]}, {:req, "~> 0.4", [hex: :req, repo: "hexpm", optional: true]}, {:rustler, "> 0.0.0", [hex: :rustler, repo: "hexpm", optional: true]}, {:scholar, "~> 0.3", [hex: :scholar, repo: "hexpm", optional: true]}, {:sweet_xml, "~> 0.7", [hex: :sweet_xml, repo: "hexpm", optional: false]}, {:vix, "~> 0.23", [hex: :vix, repo: "hexpm", optional: false]}], "hexpm", "ce06fff64b4dcf34a64c2b0dc907d0ce51cca85566912a9d5b8ec3378fe3e902"},
  "inflex": {:hex, :inflex, "2.1.0", "a365cf0821a9dacb65067abd95008ca1b0bb7dcdd85ae59965deef2aa062924c", [:mix], [], "hexpm", "14c17d05db4ee9b6d319b0bff1bdf22aa389a25398d1952c7a0b5f3d93162dd8"},
  "iterex": {:hex, :iterex, "0.1.2", "58f9b9b9a22a55cbfc7b5234a9c9c63eaac26d276b3db80936c0e1c60355a5a6", [:mix], [], "hexpm", "2e103b8bcc81757a9af121f6dc0df312c9a17220f302b1193ef720460d03029d"},
  "jason": {:hex, :jason, "1.4.4", "b9226785a9aa77b6857ca22832cffa5d5011a667207eb2a0ad56adb5db443b8a", [:mix], [{:decimal, "~> 1.0 or ~> 2.0", [hex: :decimal, repo: "hexpm", optional: true]}], "hexpm", "c5eb0cab91f094599f94d55bc63409236a8ec69a21a67814529e8d5f6cc90b3b"},
  "joken": {:hex, :joken, "2.6.1", "2ca3d8d7f83bf7196296a3d9b2ecda421a404634bfc618159981a960020480a1", [:mix], [{:jose, "~> 1.11.9", [hex: :jose, repo: "hexpm", optional: false]}], "hexpm", "ab26122c400b3d254ce7d86ed066d6afad27e70416df947cdcb01e13a7382e68"},
  "jose": {:hex, :jose, "1.11.10", "a903f5227417bd2a08c8a00a0cbcc458118be84480955e8d251297a425723f83", [:mix, :rebar3], [], "hexpm", "0d6cd36ff8ba174db29148fc112b5842186b68a90ce9fc2b3ec3afe76593e614"},
  "jumper": {:hex, :jumper, "1.0.2", "68cdcd84472a00ac596b4e6459a41b3062d4427cbd4f1e8c8793c5b54f1406a7", [:mix], [], "hexpm", "9b7782409021e01ab3c08270e26f36eb62976a38c1aa64b2eaf6348422f165e1"},
  "libgraph": {:hex, :libgraph, "0.16.0", "3936f3eca6ef826e08880230f806bfea13193e49bf153f93edcf0239d4fd1d07", [:mix], [], "hexpm", "41ca92240e8a4138c30a7e06466acc709b0cbb795c643e9e17174a178982d6bf"},
  "makeup": {:hex, :makeup, "1.1.2", "9ba8837913bdf757787e71c1581c21f9d2455f4dd04cfca785c70bbfff1a76a3", [:mix], [{:nimble_parsec, "~> 1.2.2 or ~> 1.3", [hex: :nimble_parsec, repo: "hexpm", optional: false]}], "hexpm", "cce1566b81fbcbd21eca8ffe808f33b221f9eee2cbc7a1706fc3da9ff18e6cac"},
  "meck": {:hex, :meck, "0.9.2", "85ccbab053f1db86c7ca240e9fc718170ee5bda03810a6292b5306bf31bae5f5", [:rebar3], [], "hexpm", "81344f561357dc40a8344afa53767c32669153355b626ea9fcbc8da6b3045826"},
  "metrics": {:hex, :metrics, "1.0.1", "25f094dea2cda98213cecc3aeff09e940299d950904393b2a29d191c346a8486", [:rebar3], [], "hexpm", "69b09adddc4f74a40716ae54d140f93beb0fb8978d8636eaded0c31b6f099f16"},
  "mime": {:hex, :mime, "2.0.6", "8f18486773d9b15f95f4f4f1e39b710045fa1de891fada4516559967276e4dc2", [:mix], [], "hexpm", "c9945363a6b26d747389aac3643f8e0e09d30499a138ad64fe8fd1d13d9b153e"},
  "mimerl": {:hex, :mimerl, "1.3.0", "d0cd9fc04b9061f82490f6581e0128379830e78535e017f7780f37fea7545726", [:rebar3], [], "hexpm", "a1e15a50d1887217de95f0b9b0793e32853f7c258a5cd227650889b38839fe9d"},
  "mint": {:hex, :mint, "1.6.2", "af6d97a4051eee4f05b5500671d47c3a67dac7386045d87a904126fd4bbcea2e", [:mix], [{:castore, "~> 0.1.0 or ~> 1.0", [hex: :castore, repo: "hexpm", optional: true]}, {:hpax, "~> 0.1.1 or ~> 0.2.0 or ~> 1.0", [hex: :hpax, repo: "hexpm", optional: false]}], "hexpm", "5ee441dffc1892f1ae59127f74afe8fd82fda6587794278d924e4d90ea3d63f9"},
  "mjml": {:hex, :mjml, "3.1.0", "549e985bc03be1af563c62a34c8e62bdb8d0baaa6b31af705a5bdf67e20f22b7", [:mix], [{:rustler, ">= 0.0.0", [hex: :rustler, repo: "hexpm", optional: true]}, {:rustler_precompiled, "~> 0.7.0", [hex: :rustler_precompiled, repo: "hexpm", optional: false]}], "hexpm", "987674d296b14b628e5e5d2d8b910e6501cdfafa0239527d8b633880dc595344"},
  "mjml_eex": {:hex, :mjml_eex, "0.10.0", "efef6539f50ec689129d1c00beed00d192d749d73a3b4ef8640c4d1aa10c421d", [:mix], [{:erlexec, "~> 2.0", [hex: :erlexec, repo: "hexpm", optional: true]}, {:mjml, "~> 1.0 or ~> 2.0 or ~> 3.0", [hex: :mjml, repo: "hexpm", optional: false]}, {:phoenix_html, "~> 3.2 or ~> 4.0", [hex: :phoenix_html, repo: "hexpm", optional: false]}, {:telemetry, "~> 1.0", [hex: :telemetry, repo: "hexpm", optional: false]}], "hexpm", "60bf8ddfdaedbda76418b74585f063796a719a89e2834ec1bcdb424221474de1"},
  "mock": {:hex, :mock, "0.3.8", "7046a306b71db2488ef54395eeb74df0a7f335a7caca4a3d3875d1fc81c884dd", [:mix], [{:meck, "~> 0.9.2", [hex: :meck, repo: "hexpm", optional: false]}], "hexpm", "7fa82364c97617d79bb7d15571193fc0c4fe5afd0c932cef09426b3ee6fe2022"},
  "nimble_options": {:hex, :nimble_options, "1.1.1", "e3a492d54d85fc3fd7c5baf411d9d2852922f66e69476317787a7b2bb000a61b", [:mix], [], "hexpm", "821b2470ca9442c4b6984882fe9bb0389371b8ddec4d45a9504f00a66f650b44"},
  "nimble_ownership": {:hex, :nimble_ownership, "0.3.2", "d4fa4056ade0ae33b5a9eb64554a1b3779689282e37513260125d2d6b32e4874", [:mix], [], "hexpm", "28b9a9f4094fda1aa8ca72f732ff3223eb54aa3eda4fed9022254de2c152b138"},
  "nimble_parsec": {:hex, :nimble_parsec, "1.4.0", "51f9b613ea62cfa97b25ccc2c1b4216e81df970acd8e16e8d1bdc58fef21370d", [:mix], [], "hexpm", "9c565862810fb383e9838c1dd2d7d2c437b3d13b267414ba6af33e50d2d1cf28"},
  "nimble_pool": {:hex, :nimble_pool, "1.1.0", "bf9c29fbdcba3564a8b800d1eeb5a3c58f36e1e11d7b7fb2e084a643f645f06b", [:mix], [], "hexpm", "af2e4e6b34197db81f7aad230c1118eac993acc0dae6bc83bac0126d4ae0813a"},
  "nimble_publisher": {:hex, :nimble_publisher, "1.1.0", "49dee0f30536140268996660a5927d0282946949c35c88ccc6da11a19231b4b6", [:mix], [{:earmark, "~> 1.4", [hex: :earmark, repo: "hexpm", optional: false]}, {:makeup, "~> 1.0", [hex: :makeup, repo: "hexpm", optional: false]}], "hexpm", "80fb42d8d1e34f41ff29fc2a1ae6ab86ea7b764b3c2d38e5268a43cf33825782"},
  "nimble_totp": {:hex, :nimble_totp, "1.0.0", "79753bae6ce59fd7cacdb21501a1dbac249e53a51c4cd22b34fa8438ee067283", [:mix], [], "hexpm", "6ce5e4c068feecdb782e85b18237f86f66541523e6bad123e02ee1adbe48eda9"},
  "oban": {:hex, :oban, "2.18.0", "092d20bfd3d70c7ecb70960f8548d300b54bb9937c7f2e56b388f3a9ed02ec68", [:mix], [{:ecto_sql, "~> 3.10", [hex: :ecto_sql, repo: "hexpm", optional: false]}, {:ecto_sqlite3, "~> 0.9", [hex: :ecto_sqlite3, repo: "hexpm", optional: true]}, {:jason, "~> 1.1", [hex: :jason, repo: "hexpm", optional: false]}, {:postgrex, "~> 0.16", [hex: :postgrex, repo: "hexpm", optional: true]}, {:telemetry, "~> 0.4 or ~> 1.0", [hex: :telemetry, repo: "hexpm", optional: false]}], "hexpm", "aace1eff6f8227ae38d4274af967d96f051c2f0a5152f2ef9809dd1f97866745"},
  "oban_live_dashboard": {:hex, :oban_live_dashboard, "0.1.1", "8aa4ceaf381c818f7d5c8185cc59942b8ac82ef0cf559881aacf8d3f8ac7bdd3", [:mix], [{:oban, "~> 2.15", [hex: :oban, repo: "hexpm", optional: false]}, {:phoenix_live_dashboard, "~> 0.7", [hex: :phoenix_live_dashboard, repo: "hexpm", optional: false]}], "hexpm", "16dc4ce9c9a95aa2e655e35ed4e675652994a8def61731a18af85e230e1caa63"},
  "owl": {:hex, :owl, "0.11.0", "2cd46185d330aa2400f1c8c3cddf8d2ff6320baeff23321d1810e58127082cae", [:mix], [{:ucwidth, "~> 0.2", [hex: :ucwidth, repo: "hexpm", optional: true]}], "hexpm", "73f5783f0e963cc04a061be717a0dbb3e49ae0c4bfd55fb4b78ece8d33a65efe"},
  "parse_trans": {:hex, :parse_trans, "3.4.1", "6e6aa8167cb44cc8f39441d05193be6e6f4e7c2946cb2759f015f8c56b76e5ff", [:rebar3], [], "hexpm", "620a406ce75dada827b82e453c19cf06776be266f5a67cff34e1ef2cbb60e49a"},
  "phoenix": {:hex, :phoenix, "1.7.14", "a7d0b3f1bc95987044ddada111e77bd7f75646a08518942c72a8440278ae7825", [:mix], [{:castore, ">= 0.0.0", [hex: :castore, repo: "hexpm", optional: false]}, {:jason, "~> 1.0", [hex: :jason, repo: "hexpm", optional: true]}, {:phoenix_pubsub, "~> 2.1", [hex: :phoenix_pubsub, repo: "hexpm", optional: false]}, {:phoenix_template, "~> 1.0", [hex: :phoenix_template, repo: "hexpm", optional: false]}, {:phoenix_view, "~> 2.0", [hex: :phoenix_view, repo: "hexpm", optional: true]}, {:plug, "~> 1.14", [hex: :plug, repo: "hexpm", optional: false]}, {:plug_cowboy, "~> 2.7", [hex: :plug_cowboy, repo: "hexpm", optional: true]}, {:plug_crypto, "~> 1.2 or ~> 2.0", [hex: :plug_crypto, repo: "hexpm", optional: false]}, {:telemetry, "~> 0.4 or ~> 1.0", [hex: :telemetry, repo: "hexpm", optional: false]}, {:websock_adapter, "~> 0.5.3", [hex: :websock_adapter, repo: "hexpm", optional: false]}], "hexpm", "c7859bc56cc5dfef19ecfc240775dae358cbaa530231118a9e014df392ace61a"},
  "phoenix_ecto": {:hex, :phoenix_ecto, "4.6.2", "3b83b24ab5a2eb071a20372f740d7118767c272db386831b2e77638c4dcc606d", [:mix], [{:ecto, "~> 3.5", [hex: :ecto, repo: "hexpm", optional: false]}, {:phoenix_html, "~> 2.14.2 or ~> 3.0 or ~> 4.1", [hex: :phoenix_html, repo: "hexpm", optional: true]}, {:plug, "~> 1.9", [hex: :plug, repo: "hexpm", optional: false]}, {:postgrex, "~> 0.16 or ~> 1.0", [hex: :postgrex, repo: "hexpm", optional: true]}], "hexpm", "3f94d025f59de86be00f5f8c5dd7b5965a3298458d21ab1c328488be3b5fcd59"},
  "phoenix_html": {:hex, :phoenix_html, "4.1.1", "4c064fd3873d12ebb1388425a8f2a19348cef56e7289e1998e2d2fa758aa982e", [:mix], [], "hexpm", "f2f2df5a72bc9a2f510b21497fd7d2b86d932ec0598f0210fed4114adc546c6f"},
  "phoenix_html_helpers": {:hex, :phoenix_html_helpers, "1.0.1", "7eed85c52eff80a179391036931791ee5d2f713d76a81d0d2c6ebafe1e11e5ec", [:mix], [{:phoenix_html, "~> 4.0", [hex: :phoenix_html, repo: "hexpm", optional: false]}, {:plug, "~> 1.5", [hex: :plug, repo: "hexpm", optional: true]}], "hexpm", "cffd2385d1fa4f78b04432df69ab8da63dc5cf63e07b713a4dcf36a3740e3090"},
  "phoenix_live_dashboard": {:hex, :phoenix_live_dashboard, "0.8.4", "4508e481f791ce62ec6a096e13b061387158cbeefacca68c6c1928e1305e23ed", [:mix], [{:ecto, "~> 3.6.2 or ~> 3.7", [hex: :ecto, repo: "hexpm", optional: true]}, {:ecto_mysql_extras, "~> 0.5", [hex: :ecto_mysql_extras, repo: "hexpm", optional: true]}, {:ecto_psql_extras, "~> 0.7", [hex: :ecto_psql_extras, repo: "hexpm", optional: true]}, {:ecto_sqlite3_extras, "~> 1.1.7 or ~> 1.2.0", [hex: :ecto_sqlite3_extras, repo: "hexpm", optional: true]}, {:mime, "~> 1.6 or ~> 2.0", [hex: :mime, repo: "hexpm", optional: false]}, {:phoenix_live_view, "~> 0.19 or ~> 1.0", [hex: :phoenix_live_view, repo: "hexpm", optional: false]}, {:telemetry_metrics, "~> 0.6 or ~> 1.0", [hex: :telemetry_metrics, repo: "hexpm", optional: false]}], "hexpm", "2984aae96994fbc5c61795a73b8fb58153b41ff934019cfb522343d2d3817d59"},
  "phoenix_live_reload": {:hex, :phoenix_live_reload, "1.5.3", "f2161c207fda0e4fb55165f650f7f8db23f02b29e3bff00ff7ef161d6ac1f09d", [:mix], [{:file_system, "~> 0.3 or ~> 1.0", [hex: :file_system, repo: "hexpm", optional: false]}, {:phoenix, "~> 1.4", [hex: :phoenix, repo: "hexpm", optional: false]}], "hexpm", "b4ec9cd73cb01ff1bd1cac92e045d13e7030330b74164297d1aee3907b54803c"},
  "phoenix_live_view": {:hex, :phoenix_live_view, "0.20.17", "f396bbdaf4ba227b82251eb75ac0afa6b3da5e509bc0d030206374237dfc9450", [:mix], [{:floki, "~> 0.36", [hex: :floki, repo: "hexpm", optional: true]}, {:jason, "~> 1.0", [hex: :jason, repo: "hexpm", optional: true]}, {:phoenix, "~> 1.6.15 or ~> 1.7.0", [hex: :phoenix, repo: "hexpm", optional: false]}, {:phoenix_html, "~> 3.3 or ~> 4.0", [hex: :phoenix_html, repo: "hexpm", optional: false]}, {:phoenix_template, "~> 1.0", [hex: :phoenix_template, repo: "hexpm", optional: false]}, {:phoenix_view, "~> 2.0", [hex: :phoenix_view, repo: "hexpm", optional: true]}, {:plug, "~> 1.15", [hex: :plug, repo: "hexpm", optional: false]}, {:telemetry, "~> 0.4.2 or ~> 1.0", [hex: :telemetry, repo: "hexpm", optional: false]}], "hexpm", "a61d741ffb78c85fdbca0de084da6a48f8ceb5261a79165b5a0b59e5f65ce98b"},
  "phoenix_pubsub": {:hex, :phoenix_pubsub, "2.1.3", "3168d78ba41835aecad272d5e8cd51aa87a7ac9eb836eabc42f6e57538e3731d", [:mix], [], "hexpm", "bba06bc1dcfd8cb086759f0edc94a8ba2bc8896d5331a1e2c2902bf8e36ee502"},
  "phoenix_seo": {:hex, :phoenix_seo, "0.1.10", "283488855d5d253e17a074bc12fe0739ed776cf941bf911a5f48008416fd52a3", [:mix], [{:phoenix_live_view, ">= 0.18.0", [hex: :phoenix_live_view, repo: "hexpm", optional: false]}], "hexpm", "53ed1db55a0abf9f7e96421d9d5a25c217a955897dc520b436b7c126ae6bda24"},
  "phoenix_template": {:hex, :phoenix_template, "1.0.4", "e2092c132f3b5e5b2d49c96695342eb36d0ed514c5b252a77048d5969330d639", [:mix], [{:phoenix_html, "~> 2.14.2 or ~> 3.0 or ~> 4.0", [hex: :phoenix_html, repo: "hexpm", optional: true]}], "hexpm", "2c0c81f0e5c6753faf5cca2f229c9709919aba34fab866d3bc05060c9c444206"},
  "phoenix_turnstile": {:hex, :phoenix_turnstile, "1.1.3", "878de87633920d20425ca830f5ade888cb49cfedafd63f584984e2e0984e1b66", [:mix], [{:castore, "~> 0.1 or ~> 1.0", [hex: :castore, repo: "hexpm", optional: false]}, {:jason, "~> 1.0", [hex: :jason, repo: "hexpm", optional: false]}, {:phoenix_live_view, "~> 0.17", [hex: :phoenix_live_view, repo: "hexpm", optional: false]}], "hexpm", "1581da28ddc5fd9ee914076d27ace52d550ac9addbd7f2be7e7e388e91c78373"},
  "phoenix_view": {:hex, :phoenix_view, "2.0.4", "b45c9d9cf15b3a1af5fb555c674b525391b6a1fe975f040fb4d913397b31abf4", [:mix], [{:phoenix_html, "~> 2.14.2 or ~> 3.0 or ~> 4.0", [hex: :phoenix_html, repo: "hexpm", optional: true]}, {:phoenix_template, "~> 1.0", [hex: :phoenix_template, repo: "hexpm", optional: false]}], "hexpm", "4e992022ce14f31fe57335db27a28154afcc94e9983266835bb3040243eb620b"},
  "picosat_elixir": {:hex, :picosat_elixir, "0.2.3", "bf326d0f179fbb3b706bb2c15fbc367dacfa2517157d090fdfc32edae004c597", [:make, :mix], [{:elixir_make, "~> 0.6", [hex: :elixir_make, repo: "hexpm", optional: false]}], "hexpm", "f76c9db2dec9d2561ffaa9be35f65403d53e984e8cd99c832383b7ab78c16c66"},
  "plug": {:hex, :plug, "1.16.1", "40c74619c12f82736d2214557dedec2e9762029b2438d6d175c5074c933edc9d", [:mix], [{:mime, "~> 1.0 or ~> 2.0", [hex: :mime, repo: "hexpm", optional: false]}, {:plug_crypto, "~> 1.1.1 or ~> 1.2 or ~> 2.0", [hex: :plug_crypto, repo: "hexpm", optional: false]}, {:telemetry, "~> 0.4.3 or ~> 1.0", [hex: :telemetry, repo: "hexpm", optional: false]}], "hexpm", "a13ff6b9006b03d7e33874945b2755253841b238c34071ed85b0e86057f8cddc"},
  "plug_crypto": {:hex, :plug_crypto, "2.1.0", "f44309c2b06d249c27c8d3f65cfe08158ade08418cf540fd4f72d4d6863abb7b", [:mix], [], "hexpm", "131216a4b030b8f8ce0f26038bc4421ae60e4bb95c5cf5395e1421437824c4fa"},
  "postgrex": {:hex, :postgrex, "0.19.0", "f7d50e50cb42e0a185f5b9a6095125a9ab7e4abccfbe2ab820ab9aa92b71dbab", [:mix], [{:db_connection, "~> 2.1", [hex: :db_connection, repo: "hexpm", optional: false]}, {:decimal, "~> 1.5 or ~> 2.0", [hex: :decimal, repo: "hexpm", optional: false]}, {:jason, "~> 1.0", [hex: :jason, repo: "hexpm", optional: true]}, {:table, "~> 0.1.0", [hex: :table, repo: "hexpm", optional: true]}], "hexpm", "dba2d2a0a8637defbf2307e8629cb2526388ba7348f67d04ec77a5d6a72ecfae"},
  "power_assert": {:hex, :power_assert, "0.3.0", "485280d8d02653e029ff0d64b0aa506ec17559dd48ce6de97696a10a5e077f7b", [:mix], [], "hexpm", "9b021050190b9237ff24dc5bb346e9c7428740d19c4c44c4b749eb23bed6cf64"},
  "ranch": {:hex, :ranch, "2.1.0", "2261f9ed9574dcfcc444106b9f6da155e6e540b2f82ba3d42b339b93673b72a3", [:make, :rebar3], [], "hexpm", "244ee3fa2a6175270d8e1fc59024fd9dbc76294a321057de8f803b1479e76916"},
  "reactor": {:hex, :reactor, "0.9.0", "f48af9f300454b979a22d5a04b18b59e16959478ffa7f88d50b5e142b5d055dc", [:mix], [{:igniter, "~> 0.2", [hex: :igniter, repo: "hexpm", optional: false]}, {:iterex, "~> 0.1", [hex: :iterex, repo: "hexpm", optional: false]}, {:libgraph, "~> 0.16", [hex: :libgraph, repo: "hexpm", optional: false]}, {:spark, "~> 2.0", [hex: :spark, repo: "hexpm", optional: false]}, {:splode, "~> 0.2", [hex: :splode, repo: "hexpm", optional: false]}, {:telemetry, "~> 1.2", [hex: :telemetry, repo: "hexpm", optional: false]}], "hexpm", "4c5ffd700ac669d0992a9e296978abe2110670b23addc0970fca9108d506489c"},
  "req": {:hex, :req, "0.4.14", "103de133a076a31044e5458e0f850d5681eef23dfabf3ea34af63212e3b902e2", [:mix], [{:aws_signature, "~> 0.3.2", [hex: :aws_signature, repo: "hexpm", optional: true]}, {:brotli, "~> 0.3.1", [hex: :brotli, repo: "hexpm", optional: true]}, {:ezstd, "~> 1.0", [hex: :ezstd, repo: "hexpm", optional: true]}, {:finch, "~> 0.17", [hex: :finch, repo: "hexpm", optional: false]}, {:jason, "~> 1.0", [hex: :jason, repo: "hexpm", optional: false]}, {:mime, "~> 1.6 or ~> 2.0", [hex: :mime, repo: "hexpm", optional: false]}, {:nimble_csv, "~> 1.0", [hex: :nimble_csv, repo: "hexpm", optional: true]}, {:nimble_ownership, "~> 0.2.0 or ~> 0.3.0", [hex: :nimble_ownership, repo: "hexpm", optional: false]}, {:plug, "~> 1.0", [hex: :plug, repo: "hexpm", optional: true]}], "hexpm", "2ddd3d33f9ab714ced8d3c15fd03db40c14dbf129003c4a3eb80fac2cc0b1b08"},
  "rewrite": {:hex, :rewrite, "0.10.5", "6afadeae0b9d843b27ac6225e88e165884875e0aed333ef4ad3bf36f9c101bed", [:mix], [{:glob_ex, "~> 0.1", [hex: :glob_ex, repo: "hexpm", optional: false]}, {:sourceror, "~> 1.0", [hex: :sourceror, repo: "hexpm", optional: false]}], "hexpm", "51cc347a4269ad3a1e7a2c4122dbac9198302b082f5615964358b4635ebf3d4f"},
  "rustler_precompiled": {:hex, :rustler_precompiled, "0.7.2", "097f657e401f02e7bc1cab808cfc6abdc1f7b9dc5e5adee46bf2fd8fdcce9ecf", [:mix], [{:castore, "~> 0.1 or ~> 1.0", [hex: :castore, repo: "hexpm", optional: false]}, {:rustler, "~> 0.23", [hex: :rustler, repo: "hexpm", optional: true]}], "hexpm", "7663faaeadc9e93e605164dcf9e69168e35f2f8b7f2b9eb4e400d1a8e0fe2999"},
  "sentry": {:hex, :sentry, "10.6.2", "a867ab728d424e187ccb2bccc388170a740a79bc0ddccabd72d303b203acbe0e", [:mix], [{:hackney, "~> 1.8", [hex: :hackney, repo: "hexpm", optional: true]}, {:jason, "~> 1.1", [hex: :jason, repo: "hexpm", optional: true]}, {:nimble_options, "~> 1.0", [hex: :nimble_options, repo: "hexpm", optional: false]}, {:nimble_ownership, "~> 0.3.0", [hex: :nimble_ownership, repo: "hexpm", optional: false]}, {:phoenix, "~> 1.6", [hex: :phoenix, repo: "hexpm", optional: true]}, {:phoenix_live_view, "~> 0.20", [hex: :phoenix_live_view, repo: "hexpm", optional: true]}, {:plug, "~> 1.6", [hex: :plug, repo: "hexpm", optional: true]}, {:telemetry, "~> 0.4 or ~> 1.0", [hex: :telemetry, repo: "hexpm", optional: true]}], "hexpm", "31bb84247274f9262fd300df0e3eb73302e4849cc6b7a6560bb2465f03fbd446"},
  "sleeplocks": {:hex, :sleeplocks, "1.1.3", "96a86460cc33b435c7310dbd27ec82ca2c1f24ae38e34f8edde97f756503441a", [:rebar3], [], "hexpm", "d3b3958552e6eb16f463921e70ae7c767519ef8f5be46d7696cc1ed649421321"},
  "slugify": {:hex, :slugify, "1.3.1", "0d3b8b7e5c1eeaa960e44dce94382bee34a39b3ea239293e457a9c5b47cc6fd3", [:mix], [], "hexpm", "cb090bbeb056b312da3125e681d98933a360a70d327820e4b7f91645c4d8be76"},
  "sourceror": {:hex, :sourceror, "1.5.0", "3e65d5fbb1a8e2864ad6411262c8018fee73474f5789dda12285c82999253d5d", [:mix], [], "hexpm", "4a32b5d189d8453f73278c15712f8731b89e9211e50726b798214b303b51bfc7"},
  "spark": {:hex, :spark, "2.2.11", "6589ac0e50d69e5095871a5e8f3bb6107755b1cc71f05a31d7398902506dab9a", [:mix], [{:igniter, ">= 0.2.6 and < 1.0.0-0", [hex: :igniter, repo: "hexpm", optional: false]}, {:jason, "~> 1.4", [hex: :jason, repo: "hexpm", optional: false]}, {:sourceror, "~> 1.2", [hex: :sourceror, repo: "hexpm", optional: false]}], "hexpm", "662d297d0ad49a5990a72cbf342d70e90894218062da2893f2df529f70ecc2b4"},
  "spitfire": {:hex, :spitfire, "0.1.3", "7ea0f544005dfbe48e615ed90250c9a271bfe126914012023fd5e4b6b82b7ec7", [:mix], [], "hexpm", "d53b5107bcff526a05c5bb54c95e77b36834550affd5830c9f58760e8c543657"},
  "splode": {:hex, :splode, "0.2.4", "71046334c39605095ca4bed5d008372e56454060997da14f9868534c17b84b53", [:mix], [], "hexpm", "ca3b95f0d8d4b482b5357954fec857abd0fa3ea509d623334c1328e7382044c2"},
  "sqids": {:hex, :sqids, "0.1.3", "d4f60863797bfe4abb32e775a015a021664fc58578e3f229859609732fe30667", [:mix], [], "hexpm", "f1648688086e0075c5d9a91e58a115fed7028895e03fa513b1dcd78ccffca3e5"},
  "ssl_verify_fun": {:hex, :ssl_verify_fun, "1.1.7", "354c321cf377240c7b8716899e182ce4890c5938111a1296add3ec74cf1715df", [:make, :mix, :rebar3], [], "hexpm", "fe4c190e8f37401d30167c8c405eda19469f34577987c76dde613e838bbc67f8"},
  "stream_data": {:hex, :stream_data, "1.1.1", "fd515ca95619cca83ba08b20f5e814aaf1e5ebff114659dc9731f966c9226246", [:mix], [], "hexpm", "45d0cd46bd06738463fd53f22b70042dbb58c384bb99ef4e7576e7bb7d3b8c8c"},
  "sweet_xml": {:hex, :sweet_xml, "0.7.4", "a8b7e1ce7ecd775c7e8a65d501bc2cd933bff3a9c41ab763f5105688ef485d08", [:mix], [], "hexpm", "e7c4b0bdbf460c928234951def54fe87edf1a170f6896675443279e2dbeba167"},
  "swoosh": {:hex, :swoosh, "1.16.8", "37112d4430f7054676f7652745676a6acad0e9279d3b052fe69a58c2532a67f8", [:mix], [{:bandit, ">= 1.0.0", [hex: :bandit, repo: "hexpm", optional: true]}, {:cowboy, "~> 1.1 or ~> 2.4", [hex: :cowboy, repo: "hexpm", optional: true]}, {:ex_aws, "~> 2.1", [hex: :ex_aws, repo: "hexpm", optional: true]}, {:finch, "~> 0.6", [hex: :finch, repo: "hexpm", optional: true]}, {:gen_smtp, "~> 0.13 or ~> 1.0", [hex: :gen_smtp, repo: "hexpm", optional: true]}, {:hackney, "~> 1.9", [hex: :hackney, repo: "hexpm", optional: true]}, {:jason, "~> 1.0", [hex: :jason, repo: "hexpm", optional: false]}, {:mail, "~> 0.2", [hex: :mail, repo: "hexpm", optional: true]}, {:mime, "~> 1.1 or ~> 2.0", [hex: :mime, repo: "hexpm", optional: false]}, {:mua, "~> 0.2.0", [hex: :mua, repo: "hexpm", optional: true]}, {:multipart, "~> 0.4", [hex: :multipart, repo: "hexpm", optional: true]}, {:plug, "~> 1.9", [hex: :plug, repo: "hexpm", optional: true]}, {:plug_cowboy, ">= 1.0.0", [hex: :plug_cowboy, repo: "hexpm", optional: true]}, {:req, "~> 0.4 or ~> 1.0", [hex: :req, repo: "hexpm", optional: true]}, {:telemetry, "~> 0.4.2 or ~> 1.0", [hex: :telemetry, repo: "hexpm", optional: false]}], "hexpm", "33de50fa414c07ed55fcb28e60e72a44496e14f8753e46cbf80e7b15d1adaae2"},
  "table_rex": {:hex, :table_rex, "4.0.0", "3c613a68ebdc6d4d1e731bc973c233500974ec3993c99fcdabb210407b90959b", [:mix], [], "hexpm", "c35c4d5612ca49ebb0344ea10387da4d2afe278387d4019e4d8111e815df8f55"},
  "tailwind": {:hex, :tailwind, "0.2.3", "277f08145d407de49650d0a4685dc062174bdd1ae7731c5f1da86163a24dfcdb", [:mix], [{:castore, ">= 0.0.0", [hex: :castore, repo: "hexpm", optional: false]}], "hexpm", "8e45e7a34a676a7747d04f7913a96c770c85e6be810a1d7f91e713d3a3655b5d"},
  "tailwind_formatter": {:hex, :tailwind_formatter, "0.4.0", "2aa6f391b3b6fe52a18fe75b75c76d541c3478a31bcfc1ebe987819fa32653bf", [:mix], [], "hexpm", "6465afc3e864937fcb477524be45a2d9d73a1b1ee904d85f1592b80dbcb0b741"},
  "telemetry": {:hex, :telemetry, "1.2.1", "68fdfe8d8f05a8428483a97d7aab2f268aaff24b49e0f599faa091f1d4e7f61c", [:rebar3], [], "hexpm", "dad9ce9d8effc621708f99eac538ef1cbe05d6a874dd741de2e689c47feafed5"},
  "telemetry_metrics": {:hex, :telemetry_metrics, "0.6.2", "2caabe9344ec17eafe5403304771c3539f3b6e2f7fb6a6f602558c825d0d0bfb", [:mix], [{:telemetry, "~> 0.4 or ~> 1.0", [hex: :telemetry, repo: "hexpm", optional: false]}], "hexpm", "9b43db0dc33863930b9ef9d27137e78974756f5f198cae18409970ed6fa5b561"},
  "telemetry_poller": {:hex, :telemetry_poller, "1.1.0", "58fa7c216257291caaf8d05678c8d01bd45f4bdbc1286838a28c4bb62ef32999", [:rebar3], [{:telemetry, "~> 1.0", [hex: :telemetry, repo: "hexpm", optional: false]}], "hexpm", "9eb9d9cbfd81cbd7cdd24682f8711b6e2b691289a0de6826e58452f28c103c8f"},
  "thousand_island": {:hex, :thousand_island, "1.3.5", "6022b6338f1635b3d32406ff98d68b843ba73b3aa95cfc27154223244f3a6ca5", [:mix], [{:telemetry, "~> 0.4 or ~> 1.0", [hex: :telemetry, repo: "hexpm", optional: false]}], "hexpm", "2be6954916fdfe4756af3239fb6b6d75d0b8063b5df03ba76fd8a4c87849e180"},
  "timex": {:hex, :timex, "3.7.11", "bb95cb4eb1d06e27346325de506bcc6c30f9c6dea40d1ebe390b262fad1862d1", [:mix], [{:combine, "~> 0.10", [hex: :combine, repo: "hexpm", optional: false]}, {:gettext, "~> 0.20", [hex: :gettext, repo: "hexpm", optional: false]}, {:tzdata, "~> 1.1", [hex: :tzdata, repo: "hexpm", optional: false]}], "hexpm", "8b9024f7efbabaf9bd7aa04f65cf8dcd7c9818ca5737677c7b76acbc6a94d1aa"},
  "twix": {:hex, :twix, "0.3.0", "619f8906914c4c145b9a969123b5adf32f1ce7f8178955b60492f3e68c0ca9f6", [:mix], [], "hexpm", "672e0c137c556a1f39d24189f1a5718067afd44e71f69addd0ea4dd1d745ba13"},
  "typable": {:hex, :typable, "0.3.0", "0431e121d124cd26f312123e313d2689b9a5322b15add65d424c07779eaa3ca1", [:mix], [], "hexpm", "880a0797752da1a4c508ac48f94711e04c86156f498065a83d160eef945858f8"},
  "tzdata": {:hex, :tzdata, "1.1.1", "20c8043476dfda8504952d00adac41c6eda23912278add38edc140ae0c5bcc46", [:mix], [{:hackney, "~> 1.17", [hex: :hackney, repo: "hexpm", optional: false]}], "hexpm", "a69cec8352eafcd2e198dea28a34113b60fdc6cb57eb5ad65c10292a6ba89787"},
  "ucwidth": {:hex, :ucwidth, "0.2.0", "1f0a440f541d895dff142275b96355f7e91e15bca525d4a0cc788ea51f0e3441", [:mix], [], "hexpm", "c1efd1798b8eeb11fb2bec3cafa3dd9c0c3647bee020543f0340b996177355bf"},
  "unicode_util_compat": {:hex, :unicode_util_compat, "0.7.0", "bc84380c9ab48177092f43ac89e4dfa2c6d62b40b8bd132b1059ecc7232f9a78", [:rebar3], [], "hexpm", "25eee6d67df61960cf6a794239566599b09e17e668d3700247bc498638152521"},
  "unsafe": {:hex, :unsafe, "1.0.2", "23c6be12f6c1605364801f4b47007c0c159497d0446ad378b5cf05f1855c0581", [:mix], [], "hexpm", "b485231683c3ab01a9cd44cb4a79f152c6f3bb87358439c6f68791b85c2df675"},
  "vix": {:hex, :vix, "0.29.0", "e6afff70c839722aaeb9be924beacc48711289a1090af72a0082f5d2b3a981fb", [:make, :mix], [{:castore, "~> 0.1 or ~> 1.0", [hex: :castore, repo: "hexpm", optional: false]}, {:cc_precompiler, "~> 0.1.4 or ~> 0.2", [hex: :cc_precompiler, repo: "hexpm", optional: false]}, {:elixir_make, "~> 0.7.3 or ~> 0.8", [hex: :elixir_make, repo: "hexpm", optional: false]}, {:kino, "~> 0.7", [hex: :kino, repo: "hexpm", optional: true]}], "hexpm", "6809f26629afa6fc792fce7f14146e9e2ea1ef71bde92e1ee1318883d5aa48a8"},
  "websock": {:hex, :websock, "0.5.3", "2f69a6ebe810328555b6fe5c831a851f485e303a7c8ce6c5f675abeb20ebdadc", [:mix], [], "hexpm", "6105453d7fac22c712ad66fab1d45abdf049868f253cf719b625151460b8b453"},
  "websock_adapter": {:hex, :websock_adapter, "0.5.6", "0437fe56e093fd4ac422de33bf8fc89f7bc1416a3f2d732d8b2c8fd54792fe60", [:mix], [{:bandit, ">= 0.6.0", [hex: :bandit, repo: "hexpm", optional: true]}, {:plug, "~> 1.14", [hex: :plug, repo: "hexpm", optional: false]}, {:plug_cowboy, "~> 2.6", [hex: :plug_cowboy, repo: "hexpm", optional: true]}, {:websock, "~> 0.5", [hex: :websock, repo: "hexpm", optional: false]}], "hexpm", "e04378d26b0af627817ae84c92083b7e97aca3121196679b73c73b99d0d133ea"},
}
