{
  "name": "assets",
  "lockfileVersion": 3,
  "requires": true,
  "packages": {
    "": {
      "dependencies": {
        "@tsparticles/confetti": "^3.3.0",
        "html5-qrcode": "^2.3.8",
        "swiper": "^11.1.0"
      }
    },
    "node_modules/@tsparticles/basic": {
      "version": "3.3.0",
      "resolved": "https://registry.npmjs.org/@tsparticles/basic/-/basic-3.3.0.tgz",
      "integrity": "sha512-YB6+pFnkby6hnHhDqH2Q7+Y6Zcm7RAgZLQ8gkecHQxywD0RFItpYQfxpIf82mOTZ39NoeVdH6AF3mydgxVNAMQ==",
      "funding": [
        {
          "type": "github",
          "url": "https://github.com/sponsors/matteobruni"
        },
        {
          "type": "github",
          "url": "https://github.com/sponsors/tsparticles"
        },
        {
          "type": "buymeacoffee",
          "url": "https://www.buymeacoffee.com/matteobruni"
        }
      ],
      "dependencies": {
        "@tsparticles/engine": "^3.3.0",
        "@tsparticles/move-base": "^3.3.0",
        "@tsparticles/shape-circle": "^3.3.0",
        "@tsparticles/updater-color": "^3.3.0",
        "@tsparticles/updater-opacity": "^3.3.0",
        "@tsparticles/updater-out-modes": "^3.3.0",
        "@tsparticles/updater-size": "^3.3.0"
      }
    },
    "node_modules/@tsparticles/confetti": {
      "version": "3.3.0",
      "resolved": "https://registry.npmjs.org/@tsparticles/confetti/-/confetti-3.3.0.tgz",
      "integrity": "sha512-LgV4h9h6X8kHSeeTWmAOt3dxq9/yhDe4guybYUPqus5WvMVqDGnx9WIdKzJhdFywPaqfR0OYDdHBsHAxdHK8bQ==",
      "funding": [
        {
          "type": "github",
          "url": "https://github.com/sponsors/matteobruni"
        },
        {
          "type": "github",
          "url": "https://github.com/sponsors/tsparticles"
        },
        {
          "type": "buymeacoffee",
          "url": "https://www.buymeacoffee.com/matteobruni"
        }
      ],
      "dependencies": {
        "@tsparticles/basic": "^3.3.0",
        "@tsparticles/engine": "^3.3.0",
        "@tsparticles/plugin-emitters": "^3.3.0",
        "@tsparticles/plugin-motion": "^3.3.0",
        "@tsparticles/shape-cards": "^3.3.0",
        "@tsparticles/shape-emoji": "^3.3.0",
        "@tsparticles/shape-heart": "^3.3.0",
        "@tsparticles/shape-image": "^3.3.0",
        "@tsparticles/shape-polygon": "^3.3.0",
        "@tsparticles/shape-square": "^3.3.0",
        "@tsparticles/shape-star": "^3.3.0",
        "@tsparticles/updater-life": "^3.3.0",
        "@tsparticles/updater-roll": "^3.3.0",
        "@tsparticles/updater-rotate": "^3.3.0",
        "@tsparticles/updater-tilt": "^3.3.0",
        "@tsparticles/updater-wobble": "^3.3.0"
      }
    },
    "node_modules/@tsparticles/engine": {
      "version": "3.3.0",
      "resolved": "https://registry.npmjs.org/@tsparticles/engine/-/engine-3.3.0.tgz",
      "integrity": "sha512-Sr24epYquTelGrUbMaknXTscib8IMQJrbmShJnEemU+wpZNIPtAh09sQgGtq1pUxrGQRUSQIgaybYuXcNgk8rg==",
      "funding": [
        {
          "type": "github",
          "url": "https://github.com/sponsors/matteobruni"
        },
        {
          "type": "github",
          "url": "https://github.com/sponsors/tsparticles"
        },
        {
          "type": "buymeacoffee",
          "url": "https://www.buymeacoffee.com/matteobruni"
        }
      ],
      "hasInstallScript": true
    },
    "node_modules/@tsparticles/move-base": {
      "version": "3.3.0",
      "resolved": "https://registry.npmjs.org/@tsparticles/move-base/-/move-base-3.3.0.tgz",
      "integrity": "sha512-yxfynO0CHWYlhyXy53/HzsN8zyD+v1RX0wT9X1Wry5lgnxhJoFTAP/Pk+srgyLOdaD0WwoRjB3yA/0f/haBWkg==",
      "dependencies": {
        "@tsparticles/engine": "^3.3.0"
      }
    },
    "node_modules/@tsparticles/plugin-emitters": {
      "version": "3.3.0",
      "resolved": "https://registry.npmjs.org/@tsparticles/plugin-emitters/-/plugin-emitters-3.3.0.tgz",
      "integrity": "sha512-Ze2f47YBxjgfUHRKy0YdR+j6kGq7yrrdnbR5Ttq5d6vSjC13tFL+T14YM0tqZBr4QaZZB35UpKr3r2C4WVdDug==",
      "dependencies": {
        "@tsparticles/engine": "^3.3.0"
      }
    },
    "node_modules/@tsparticles/plugin-motion": {
      "version": "3.3.0",
      "resolved": "https://registry.npmjs.org/@tsparticles/plugin-motion/-/plugin-motion-3.3.0.tgz",
      "integrity": "sha512-N3Q+FGXObu6n1ErhfnIHgltrR2zvSsXMPLjdkgqyg6l2i1oD3ybw57siGM/th0k7m7hvJ96HmDaJrY3sUuqX6Q==",
      "dependencies": {
        "@tsparticles/engine": "^3.3.0"
      }
    },
    "node_modules/@tsparticles/shape-cards": {
      "version": "3.3.0",
      "resolved": "https://registry.npmjs.org/@tsparticles/shape-cards/-/shape-cards-3.3.0.tgz",
      "integrity": "sha512-WPiGYZJFfVaFjnzbTm5gg0HIVgy4qbwSKTjAaeVxf3J0oMiu8nFV7Ya9My2ondvDWrUeTpRem2Zzbb81yYnyZg==",
      "funding": [
        {
          "type": "github",
          "url": "https://github.com/sponsors/matteobruni"
        },
        {
          "type": "github",
          "url": "https://github.com/sponsors/tsparticles"
        },
        {
          "type": "buymeacoffee",
          "url": "https://www.buymeacoffee.com/matteobruni"
        }
      ],
      "dependencies": {
        "@tsparticles/engine": "^3.3.0"
      }
    },
    "node_modules/@tsparticles/shape-circle": {
      "version": "3.3.0",
      "resolved": "https://registry.npmjs.org/@tsparticles/shape-circle/-/shape-circle-3.3.0.tgz",
      "integrity": "sha512-m/T3SbZf8Zrn0m4Rd+8KTCMy54cofkaXa1Z7oikQYr/gPigT2C7Bo4vwQpiP8HKU+Xh5CEHFyc0s6ogfOaA2fA==",
      "dependencies": {
        "@tsparticles/engine": "^3.3.0"
      }
    },
    "node_modules/@tsparticles/shape-emoji": {
      "version": "3.3.0",
      "resolved": "https://registry.npmjs.org/@tsparticles/shape-emoji/-/shape-emoji-3.3.0.tgz",
      "integrity": "sha512-F9tl3jUTMCRzbwhpKk3t1z2d+7vbyeAoHAEeG4UdUVorO0ovaqzj16KcpfSu2wyGkPSzUKIyHX8doB9MR8DfGw==",
      "dependencies": {
        "@tsparticles/engine": "^3.3.0"
      }
    },
    "node_modules/@tsparticles/shape-heart": {
      "version": "3.3.0",
      "resolved": "https://registry.npmjs.org/@tsparticles/shape-heart/-/shape-heart-3.3.0.tgz",
      "integrity": "sha512-R47xiFP7xxbBKjYSQFcfoBxLkVZLNNhzzDFqKMz3feAUXQxLxoV8bPNVH6Sx2Xn4coxqK72lhi1tNGq3buWiTw==",
      "funding": [
        {
          "type": "github",
          "url": "https://github.com/sponsors/matteobruni"
        },
        {
          "type": "github",
          "url": "https://github.com/sponsors/tsparticles"
        },
        {
          "type": "buymeacoffee",
          "url": "https://www.buymeacoffee.com/matteobruni"
        }
      ],
      "dependencies": {
        "@tsparticles/engine": "^3.3.0"
      }
    },
    "node_modules/@tsparticles/shape-image": {
      "version": "3.3.0",
      "resolved": "https://registry.npmjs.org/@tsparticles/shape-image/-/shape-image-3.3.0.tgz",
      "integrity": "sha512-w5PHiDZjILIUEDIn10bFasY1qnSY9lwV0ekoTLGDepiS/EmyNJb0+D7gWOy/mhFlpK1637Ngbz1Axw3Zfl8ObA==",
      "dependencies": {
        "@tsparticles/engine": "^3.3.0"
      }
    },
    "node_modules/@tsparticles/shape-polygon": {
      "version": "3.3.0",
      "resolved": "https://registry.npmjs.org/@tsparticles/shape-polygon/-/shape-polygon-3.3.0.tgz",
      "integrity": "sha512-JAHKIO8Pmzft0METZn6BqTHpn9PxWXxhAlPMG0XOEuziHpvMxmTXYbJNDFlmWu9RFpAjfIeGg8zUcS1xNuGWUQ==",
      "dependencies": {
        "@tsparticles/engine": "^3.3.0"
      }
    },
    "node_modules/@tsparticles/shape-square": {
      "version": "3.3.0",
      "resolved": "https://registry.npmjs.org/@tsparticles/shape-square/-/shape-square-3.3.0.tgz",
      "integrity": "sha512-72tLkzQ5QkkhgIFy+qqdA+vmBk8VE4PuJcLJ12FVH8e3uPJDO2WiLJmnCg9MHyp26uU5CEuIalrQpZ0TX1A5PQ==",
      "dependencies": {
        "@tsparticles/engine": "^3.3.0"
      }
    },
    "node_modules/@tsparticles/shape-star": {
      "version": "3.3.0",
      "resolved": "https://registry.npmjs.org/@tsparticles/shape-star/-/shape-star-3.3.0.tgz",
      "integrity": "sha512-RX9RLuJ9oWQbOVvVyiOBdPK8dc+RLc7DaqEOxGhMTPQeGvryjdkBU/FmiG4a7KaVyZeCI2diDW4oWEkulzZIIg==",
      "dependencies": {
        "@tsparticles/engine": "^3.3.0"
      }
    },
    "node_modules/@tsparticles/updater-color": {
      "version": "3.3.0",
      "resolved": "https://registry.npmjs.org/@tsparticles/updater-color/-/updater-color-3.3.0.tgz",
      "integrity": "sha512-4ZggZr4jTXXOCLXqMXkH/jfhylf9wLt2G7D/F9ZZPihh8l8F2x0YM/JvzRePynhIFXfZaMD1PRfdXNTr6HnFFQ==",
      "dependencies": {
        "@tsparticles/engine": "^3.3.0"
      }
    },
    "node_modules/@tsparticles/updater-life": {
      "version": "3.3.0",
      "resolved": "https://registry.npmjs.org/@tsparticles/updater-life/-/updater-life-3.3.0.tgz",
      "integrity": "sha512-6DDx4FfezLmXxetVx0kFZdWKWLIPa/ujFxHto0fFIVFtjLaffJPEONoOIj6/TmAlcJ+XF2jY2Md4z6vyS6bMlA==",
      "dependencies": {
        "@tsparticles/engine": "^3.3.0"
      }
    },
    "node_modules/@tsparticles/updater-opacity": {
      "version": "3.3.0",
      "resolved": "https://registry.npmjs.org/@tsparticles/updater-opacity/-/updater-opacity-3.3.0.tgz",
      "integrity": "sha512-aQZJheqvoD69YYPiSlcRuWU7yEPs9dSmeOALP+fcaQwUQbVvr+wNJSUVkVNzeawtv4tPwou4QnytoWaBmZoqog==",
      "dependencies": {
        "@tsparticles/engine": "^3.3.0"
      }
    },
    "node_modules/@tsparticles/updater-out-modes": {
      "version": "3.3.0",
      "resolved": "https://registry.npmjs.org/@tsparticles/updater-out-modes/-/updater-out-modes-3.3.0.tgz",
      "integrity": "sha512-G+UDZO6pmBUdSeT1Y7SRXvZz2EUw5RBCF8AOQMyLntehJQgLPc+PbMCFenfjpRQCCiWQ8RSumZ040iv5CLRUug==",
      "dependencies": {
        "@tsparticles/engine": "^3.3.0"
      }
    },
    "node_modules/@tsparticles/updater-roll": {
      "version": "3.3.0",
      "resolved": "https://registry.npmjs.org/@tsparticles/updater-roll/-/updater-roll-3.3.0.tgz",
      "integrity": "sha512-z4UNZnC1/ZtXRZqMMITjqTxjs+qhggoL2W6c6AjvQ9TUyz+Ixg8tIrcPcwUu69496o9HJf6mJ4C3G9Pb9CMm7Q==",
      "dependencies": {
        "@tsparticles/engine": "^3.3.0"
      }
    },
    "node_modules/@tsparticles/updater-rotate": {
      "version": "3.3.0",
      "resolved": "https://registry.npmjs.org/@tsparticles/updater-rotate/-/updater-rotate-3.3.0.tgz",
      "integrity": "sha512-4i3+0rbvzmaNGunlK443kURoEVFeAvCY5VGNX73y8S5g94RFejtGYBUUsC/LAcCxgfxa3HgYwNTT6ypslnoNuw==",
      "dependencies": {
        "@tsparticles/engine": "^3.3.0"
      }
    },
    "node_modules/@tsparticles/updater-size": {
      "version": "3.3.0",
      "resolved": "https://registry.npmjs.org/@tsparticles/updater-size/-/updater-size-3.3.0.tgz",
      "integrity": "sha512-8s0dSh8bV4CN13oM86x1MPkI1T6KwuKPIiSdTcO1qKTcN1WBYzuuIPOU7Q3+fbQhSZ6F+da3zdG9unqU5sPYUA==",
      "dependencies": {
        "@tsparticles/engine": "^3.3.0"
      }
    },
    "node_modules/@tsparticles/updater-tilt": {
      "version": "3.3.0",
      "resolved": "https://registry.npmjs.org/@tsparticles/updater-tilt/-/updater-tilt-3.3.0.tgz",
      "integrity": "sha512-ALcz+lsdaZn3pZkBRQssF55DVVQf0nX7rXCn6dhgIcwvpTSU1Fm5wYP2Q7cr6UDOu1lOAk5BHEQaG2EgHTanMQ==",
      "dependencies": {
        "@tsparticles/engine": "^3.3.0"
      }
    },
    "node_modules/@tsparticles/updater-wobble": {
      "version": "3.3.0",
      "resolved": "https://registry.npmjs.org/@tsparticles/updater-wobble/-/updater-wobble-3.3.0.tgz",
      "integrity": "sha512-S9TpaGCWUnfFsk/ZVQVW+KrBG5mkTbbrj6lUx8OuhJmAft6v6zKVByhrMN8LIxYwr8S6mGmguOfFt/ZG2//xkw==",
      "dependencies": {
        "@tsparticles/engine": "^3.3.0"
      }
    },
    "node_modules/html5-qrcode": {
      "version": "2.3.8",
      "resolved": "https://registry.npmjs.org/html5-qrcode/-/html5-qrcode-2.3.8.tgz",
      "integrity": "sha512-jsr4vafJhwoLVEDW3n1KvPnCCXWaQfRng0/EEYk1vNcQGcG/htAdhJX0be8YyqMoSz7+hZvOZSTAepsabiuhiQ=="
    },
    "node_modules/swiper": {
      "version": "11.1.0",
      "resolved": "https://registry.npmjs.org/swiper/-/swiper-11.1.0.tgz",
      "integrity": "sha512-Pm78CgU7Wvg+w/MgIL/1NwMSLgx0XqFof25EnVyX8iZFCYJv5CppH7LHkBj43qW2k5Cp3Iz7FcdBxrox7XX2AQ==",
      "funding": [
        {
          "type": "patreon",
          "url": "https://www.patreon.com/swiperjs"
        },
        {
          "type": "open_collective",
          "url": "http://opencollective.com/swiper"
        }
      ],
      "engines": {
        "node": ">= 4.7.0"
      }
    }
  }
}
